
Microsoft Visual Studio Solution File, Format Version 12.00
# Visual Studio Version 17
VisualStudioVersion = 17.10.34916.146
MinimumVisualStudioVersion = 10.0.40219.1
Project("{FAE04EC0-301F-11D3-BF4B-00C04F79EFBC}") = "DZ_27_05_2024", "DZ_27_05_2024\DZ_27_05_2024.csproj", "{328DD07E-82AE-4901-B207-8097B4A5DAF0}"
EndProject
Global
	GlobalSection(SolutionConfigurationPlatforms) = preSolution
		Debug|Any CPU = Debug|Any CPU
		Release|Any CPU = Release|Any CPU
	EndGlobalSection
	GlobalSection(ProjectConfigurationPlatforms) = postSolution
		{328DD07E-82AE-4901-B207-8097B4A5DAF0}.Debug|Any CPU.ActiveCfg = Debug|Any CPU
		{328DD07E-82AE-4901-B207-8097B4A5DAF0}.Debug|Any CPU.Build.0 = Debug|Any CPU
		{328DD07E-82AE-4901-B207-8097B4A5DAF0}.Release|Any CPU.ActiveCfg = Release|Any CPU
		{328DD07E-82AE-4901-B207-8097B4A5DAF0}.Release|Any CPU.Build.0 = Release|Any CPU
	EndGlobalSection
	GlobalSection(SolutionProperties) = preSolution
		HideSolutionNode = FALSE
	EndGlobalSection
	GlobalSection(ExtensibilityGlobals) = postSolution
		SolutionGuid = {C786A0B0-98CB-49BF-8249-A6F57EF1E614}
	EndGlobalSection
EndGlobal
